
Microsoft Visual Studio Solution File, Format Version 12.00
# Visual Studio Version 16
VisualStudioVersion = 16.0.28729.10
MinimumVisualStudioVersion = 10.0.40219.1
Project("{FAE04EC0-301F-11D3-BF4B-00C04F79EFBC}") = "QueueNotificationService", "QueueNotificationService\QueueNotificationService.csproj", "{99AD5D3B-7A6A-4136-90BE-F150ADBFA7BC}"
EndProject
Global
	GlobalSection(SolutionConfigurationPlatforms) = preSolution
		Debug|Any CPU = Debug|Any CPU
		Release|Any CPU = Release|Any CPU
	EndGlobalSection
	GlobalSection(ProjectConfigurationPlatforms) = postSolution
		{99AD5D3B-7A6A-4136-90BE-F150ADBFA7BC}.Debug|Any CPU.ActiveCfg = Debug|Any CPU
		{99AD5D3B-7A6A-4136-90BE-F150ADBFA7BC}.Debug|Any CPU.Build.0 = Debug|Any CPU
		{99AD5D3B-7A6A-4136-90BE-F150ADBFA7BC}.Release|Any CPU.ActiveCfg = Release|Any CPU
		{99AD5D3B-7A6A-4136-90BE-F150ADBFA7BC}.Release|Any CPU.Build.0 = Release|Any CPU
	EndGlobalSection
	GlobalSection(SolutionProperties) = preSolution
		HideSolutionNode = FALSE
	EndGlobalSection
	GlobalSection(ExtensibilityGlobals) = postSolution
		SolutionGuid = {AAAAEFF0-D2E7-4EEB-9ED2-EAD27E0F3DCD}
	EndGlobalSection
EndGlobal
